// !$*UTF8*$!
{
	archiveVersion = 1;
	classes = {
	};
	objectVersion = 50;
	objects = {

/* Begin PBXBuildFile section */
		48113A1721425B8E0081B6A0 /* TempletViewController.swift in Sources */ = {isa = PBXBuildFile; fileRef = 48113A1621425B8E0081B6A0 /* TempletViewController.swift */; };
		486854672142461C002981BA /* AppDelegate.swift in Sources */ = {isa = PBXBuildFile; fileRef = 486854662142461C002981BA /* AppDelegate.swift */; };
		486854692142461C002981BA /* ViewController.swift in Sources */ = {isa = PBXBuildFile; fileRef = 486854682142461C002981BA /* ViewController.swift */; };
		4868546C2142461C002981BA /* Main.storyboard in Resources */ = {isa = PBXBuildFile; fileRef = 4868546A2142461C002981BA /* Main.storyboard */; };
		4868546E2142461F002981BA /* Assets.xcassets in Resources */ = {isa = PBXBuildFile; fileRef = 4868546D2142461F002981BA /* Assets.xcassets */; };
		486854712142461F002981BA /* LaunchScreen.storyboard in Resources */ = {isa = PBXBuildFile; fileRef = 4868546F2142461F002981BA /* LaunchScreen.storyboard */; };
		4868547921424642002981BA /* BaseViewController.swift in Sources */ = {isa = PBXBuildFile; fileRef = 4868547821424642002981BA /* BaseViewController.swift */; };
/* End PBXBuildFile section */

/* Begin PBXFileReference section */
		48113A1621425B8E0081B6A0 /* TempletViewController.swift */ = {isa = PBXFileReference; lastKnownFileType = sourcecode.swift; path = TempletViewController.swift; sourceTree = "<group>"; };
		486854632142461C002981BA /* iOS-Swift-Demo.app */ = {isa = PBXFileReference; explicitFileType = wrapper.application; includeInIndex = 0; path = "iOS-Swift-Demo.app"; sourceTree = BUILT_PRODUCTS_DIR; };
		486854662142461C002981BA /* AppDelegate.swift */ = {isa = PBXFileReference; lastKnownFileType = sourcecode.swift; path = AppDelegate.swift; sourceTree = "<group>"; };
		486854682142461C002981BA /* ViewController.swift */ = {isa = PBXFileReference; lastKnownFileType = sourcecode.swift; path = ViewController.swift; sourceTree = "<group>"; };
		4868546B2142461C002981BA /* Base */ = {isa = PBXFileReference; lastKnownFileType = file.storyboard; name = Base; path = Base.lproj/Main.storyboard; sourceTree = "<group>"; };
		4868546D2142461F002981BA /* Assets.xcassets */ = {isa = PBXFileReference; lastKnownFileType = folder.assetcatalog; path = Assets.xcassets; sourceTree = "<group>"; };
		486854702142461F002981BA /* Base */ = {isa = PBXFileReference; lastKnownFileType = file.storyboard; name = Base; path = Base.lproj/LaunchScreen.storyboard; sourceTree = "<group>"; };
		486854722142461F002981BA /* Info.plist */ = {isa = PBXFileReference; lastKnownFileType = text.plist.xml; path = Info.plist; sourceTree = "<group>"; };
		4868547821424642002981BA /* BaseViewController.swift */ = {isa = PBXFileReference; lastKnownFileType = sourcecode.swift; path = BaseViewController.swift; sourceTree = "<group>"; };
/* End PBXFileReference section */

/* Begin PBXFrameworksBuildPhase section */
		486854602142461B002981BA /* Frameworks */ = {
			isa = PBXFrameworksBuildPhase;
			buildActionMask = 2147483647;
			files = (
			);
			runOnlyForDeploymentPostprocessing = 0;
		};
/* End PBXFrameworksBuildPhase section */

/* Begin PBXGroup section */
		48113A1821425B960081B6A0 /* (示例)2018-09-07 */ = {
			isa = PBXGroup;
			children = (
				48113A1621425B8E0081B6A0 /* TempletViewController.swift */,
			);
			path = "(示例)2018-09-07";
			sourceTree = "<group>";
		};
		4868545A2142461B002981BA = {
			isa = PBXGroup;
			children = (
				486854652142461C002981BA /* iOS-Swift-Demo */,
				486854642142461C002981BA /* Products */,
			);
			sourceTree = "<group>";
		};
		486854642142461C002981BA /* Products */ = {
			isa = PBXGroup;
			children = (
				486854632142461C002981BA /* iOS-Swift-Demo.app */,
			);
			name = Products;
			sourceTree = "<group>";
		};
		486854652142461C002981BA /* iOS-Swift-Demo */ = {
			isa = PBXGroup;
			children = (
				486854662142461C002981BA /* AppDelegate.swift */,
				48113A1821425B960081B6A0 /* (示例)2018-09-07 */,
				4868547A21424A6F002981BA /* BaseController */,
				4868547C21424AA0002981BA /* Main */,
				4868547B21424A8D002981BA /* Recourse */,
			);
			path = "iOS-Swift-Demo";
			sourceTree = "<group>";
		};
		4868547A21424A6F002981BA /* BaseController */ = {
			isa = PBXGroup;
			children = (
				4868547821424642002981BA /* BaseViewController.swift */,
			);
			path = BaseController;
			sourceTree = "<group>";
		};
		4868547B21424A8D002981BA /* Recourse */ = {
			isa = PBXGroup;
			children = (
				4868546A2142461C002981BA /* Main.storyboard */,
				4868546D2142461F002981BA /* Assets.xcassets */,
				4868546F2142461F002981BA /* LaunchScreen.storyboard */,
				486854722142461F002981BA /* Info.plist */,
			);
			path = Recourse;
			sourceTree = "<group>";
		};
		4868547C21424AA0002981BA /* Main */ = {
			isa = PBXGroup;
			children = (
				486854682142461C002981BA /* ViewController.swift */,
			);
			path = Main;
			sourceTree = "<group>";
		};
/* End PBXGroup section */

/* Begin PBXNativeTarget section */
		486854622142461B002981BA /* iOS-Swift-Demo */ = {
			isa = PBXNativeTarget;
			buildConfigurationList = 486854752142461F002981BA /* Build configuration list for PBXNativeTarget "iOS-Swift-Demo" */;
			buildPhases = (
				4868545F2142461B002981BA /* Sources */,
				486854602142461B002981BA /* Frameworks */,
				486854612142461B002981BA /* Resources */,
			);
			buildRules = (
			);
			dependencies = (
			);
			name = "iOS-Swift-Demo";
			productName = "iOS-Swift-Demo";
			productReference = 486854632142461C002981BA /* iOS-Swift-Demo.app */;
			productType = "com.apple.product-type.application";
		};
/* End PBXNativeTarget section */

/* Begin PBXProject section */
		4868545B2142461B002981BA /* Project object */ = {
			isa = PBXProject;
			attributes = {
				LastSwiftUpdateCheck = 0940;
				LastUpgradeCheck = 0940;
				ORGANIZATIONNAME = forever.love;
				TargetAttributes = {
					486854622142461B002981BA = {
						CreatedOnToolsVersion = 9.4.1;
					};
				};
			};
			buildConfigurationList = 4868545E2142461B002981BA /* Build configuration list for PBXProject "iOS-Swift-Demo" */;
			compatibilityVersion = "Xcode 9.3";
			developmentRegion = en;
			hasScannedForEncodings = 0;
			knownRegions = (
				en,
				Base,
			);
			mainGroup = 4868545A2142461B002981BA;
			productRefGroup = 486854642142461C002981BA /* Products */;
			projectDirPath = "";
			projectRoot = "";
			targets = (
				486854622142461B002981BA /* iOS-Swift-Demo */,
			);
		};
/* End PBXProject section */

/* Begin PBXResourcesBuildPhase section */
		486854612142461B002981BA /* Resources */ = {
			isa = PBXResourcesBuildPhase;
			buildActionMask = 2147483647;
			files = (
				486854712142461F002981BA /* LaunchScreen.storyboard in Resources */,
				4868546E2142461F002981BA /* Assets.xcassets in Resources */,
				4868546C2142461C002981BA /* Main.storyboard in Resources */,
			);
			runOnlyForDeploymentPostprocessing = 0;
		};
/* End PBXResourcesBuildPhase section */

/* Begin PBXSourcesBuildPhase section */
		4868545F2142461B002981BA /* Sources */ = {
			isa = PBXSourcesBuildPhase;
			buildActionMask = 2147483647;
			files = (
				48113A1721425B8E0081B6A0 /* TempletViewController.swift in Sources */,
				486854692142461C002981BA /* ViewController.swift in Sources */,
				486854672142461C002981BA /* AppDelegate.swift in Sources */,
				4868547921424642002981BA /* BaseViewController.swift in Sources */,
			);
			runOnlyForDeploymentPostprocessing = 0;
		};
/* End PBXSourcesBuildPhase section */

/* Begin PBXVariantGroup section */
		4868546A2142461C002981BA /* Main.storyboard */ = {
			isa = PBXVariantGroup;
			children = (
				4868546B2142461C002981BA /* Base */,
			);
			name = Main.storyboard;
			sourceTree = "<group>";
		};
		4868546F2142461F002981BA /* LaunchScreen.storyboard */ = {
			isa = PBXVariantGroup;
			children = (
				486854702142461F002981BA /* Base */,
			);
			name = LaunchScreen.storyboard;
			sourceTree = "<group>";
		};
/* End PBXVariantGroup section */

/* Begin XCBuildConfiguration section */
		486854732142461F002981BA /* Debug */ = {
			isa = XCBuildConfiguration;
			buildSettings = {
				ALWAYS_SEARCH_USER_PATHS = NO;
				CLANG_ANALYZER_NONNULL = YES;
				CLANG_ANALYZER_NUMBER_OBJECT_CONVERSION = YES_AGGRESSIVE;
				CLANG_CXX_LANGUAGE_STANDARD = "gnu++14";
				CLANG_CXX_LIBRARY = "libc++";
				CLANG_ENABLE_MODULES = YES;
				CLANG_ENABLE_OBJC_ARC = YES;
				CLANG_ENABLE_OBJC_WEAK = YES;
				CLANG_WARN_BLOCK_CAPTURE_AUTORELEASING = YES;
				CLANG_WARN_BOOL_CONVERSION = YES;
				CLANG_WARN_COMMA = YES;
				CLANG_WARN_CONSTANT_CONVERSION = YES;
				CLANG_WARN_DEPRECATED_OBJC_IMPLEMENTATIONS = YES;
				CLANG_WARN_DIRECT_OBJC_ISA_USAGE = YES_ERROR;
				CLANG_WARN_DOCUMENTATION_COMMENTS = YES;
				CLANG_WARN_EMPTY_BODY = YES;
				CLANG_WARN_ENUM_CONVERSION = YES;
				CLANG_WARN_INFINITE_RECURSION = YES;
				CLANG_WARN_INT_CONVERSION = YES;
				CLANG_WARN_NON_LITERAL_NULL_CONVERSION = YES;
				CLANG_WARN_OBJC_IMPLICIT_RETAIN_SELF = YES;
				CLANG_WARN_OBJC_LITERAL_CONVERSION = YES;
				CLANG_WARN_OBJC_ROOT_CLASS = YES_ERROR;
				CLANG_WARN_RANGE_LOOP_ANALYSIS = YES;
				CLANG_WARN_STRICT_PROTOTYPES = YES;
				CLANG_WARN_SUSPICIOUS_MOVE = YES;
				CLANG_WARN_UNGUARDED_AVAILABILITY = YES_AGGRESSIVE;
				CLANG_WARN_UNREACHABLE_CODE = YES;
				CLANG_WARN__DUPLICATE_METHOD_MATCH = YES;
				CODE_SIGN_IDENTITY = "iPhone Developer";
				COPY_PHASE_STRIP = NO;
				DEBUG_INFORMATION_FORMAT = dwarf;
				ENABLE_STRICT_OBJC_MSGSEND = YES;
				ENABLE_TESTABILITY = YES;
				GCC_C_LANGUAGE_STANDARD = gnu11;
				GCC_DYNAMIC_NO_PIC = NO;
				GCC_NO_COMMON_BLOCKS = YES;
				GCC_OPTIMIZATION_LEVEL = 0;
				GCC_PREPROCESSOR_DEFINITIONS = (
					"DEBUG=1",
					"$(inherited)",
				);
				GCC_WARN_64_TO_32_BIT_CONVERSION = YES;
				GCC_WARN_ABOUT_RETURN_TYPE = YES_ERROR;
				GCC_WARN_UNDECLARED_SELECTOR = YES;
				GCC_WARN_UNINITIALIZED_AUTOS = YES_AGGRESSIVE;
				GCC_WARN_UNUSED_FUNCTION = YES;
				GCC_WARN_UNUSED_VARIABLE = YES;
				IPHONEOS_DEPLOYMENT_TARGET = 11.4;
				MTL_ENABLE_DEBUG_INFO = YES;
				ONLY_ACTIVE_ARCH = YES;
				SDKROOT = iphoneos;
				SWIFT_ACTIVE_COMPILATION_CONDITIONS = DEBUG;
				SWIFT_OPTIMIZATION_LEVEL = "-Onone";
			};
			name = Debug;
		};
		486854742142461F002981BA /* Release */ = {
			isa = XCBuildConfiguration;
			buildSettings = {
				ALWAYS_SEARCH_USER_PATHS = NO;
				CLANG_ANALYZER_NONNULL = YES;
				CLANG_ANALYZER_NUMBER_OBJECT_CONVERSION = YES_AGGRESSIVE;
				CLANG_CXX_LANGUAGE_STANDARD = "gnu++14";
				CLANG_CXX_LIBRARY = "libc++";
				CLANG_ENABLE_MODULES = YES;
				CLANG_ENABLE_OBJC_ARC = YES;
				CLANG_ENABLE_OBJC_WEAK = YES;
				CLANG_WARN_BLOCK_CAPTURE_AUTORELEASING = YES;
				CLANG_WARN_BOOL_CONVERSION = YES;
				CLANG_WARN_COMMA = YES;
				CLANG_WARN_CONSTANT_CONVERSION = YES;
				CLANG_WARN_DEPRECATED_OBJC_IMPLEMENTATIONS = YES;
				CLANG_WARN_DIRECT_OBJC_ISA_USAGE = YES_ERROR;
				CLANG_WARN_DOCUMENTATION_COMMENTS = YES;
				CLANG_WARN_EMPTY_BODY = YES;
				CLANG_WARN_ENUM_CONVERSION = YES;
				CLANG_WARN_INFINITE_RECURSION = YES;
				CLANG_WARN_INT_CONVERSION = YES;
				CLANG_WARN_NON_LITERAL_NULL_CONVERSION = YES;
				CLANG_WARN_OBJC_IMPLICIT_RETAIN_SELF = YES;
				CLANG_WARN_OBJC_LITERAL_CONVERSION = YES;
				CLANG_WARN_OBJC_ROOT_CLASS = YES_ERROR;
				CLANG_WARN_RANGE_LOOP_ANALYSIS = YES;
				CLANG_WARN_STRICT_PROTOTYPES = YES;
				CLANG_WARN_SUSPICIOUS_MOVE = YES;
				CLANG_WARN_UNGUARDED_AVAILABILITY = YES_AGGRESSIVE;
				CLANG_WARN_UNREACHABLE_CODE = YES;
				CLANG_WARN__DUPLICATE_METHOD_MATCH = YES;
				CODE_SIGN_IDENTITY = "iPhone Developer";
				COPY_PHASE_STRIP = NO;
				DEBUG_INFORMATION_FORMAT = "dwarf-with-dsym";
				ENABLE_NS_ASSERTIONS = NO;
				ENABLE_STRICT_OBJC_MSGSEND = YES;
				GCC_C_LANGUAGE_STANDARD = gnu11;
				GCC_NO_COMMON_BLOCKS = YES;
				GCC_WARN_64_TO_32_BIT_CONVERSION = YES;
				GCC_WARN_ABOUT_RETURN_TYPE = YES_ERROR;
				GCC_WARN_UNDECLARED_SELECTOR = YES;
				GCC_WARN_UNINITIALIZED_AUTOS = YES_AGGRESSIVE;
				GCC_WARN_UNUSED_FUNCTION = YES;
				GCC_WARN_UNUSED_VARIABLE = YES;
				IPHONEOS_DEPLOYMENT_TARGET = 11.4;
				MTL_ENABLE_DEBUG_INFO = NO;
				SDKROOT = iphoneos;
				SWIFT_COMPILATION_MODE = wholemodule;
				SWIFT_OPTIMIZATION_LEVEL = "-O";
				VALIDATE_PRODUCT = YES;
			};
			name = Release;
		};
		486854762142461F002981BA /* Debug */ = {
			isa = XCBuildConfiguration;
			buildSettings = {
				ASSETCATALOG_COMPILER_APPICON_NAME = AppIcon;
				CODE_SIGN_STYLE = Automatic;
				INFOPLIST_FILE = "$(SRCROOT)/iOS-Swift-Demo/Recourse/Info.plist";
				IPHONEOS_DEPLOYMENT_TARGET = 9.0;
				LD_RUNPATH_SEARCH_PATHS = (
					"$(inherited)",
					"@executable_path/Frameworks",
				);
				PRODUCT_BUNDLE_IDENTIFIER = "wudan.iOS-Swift-Demo";
				PRODUCT_NAME = "$(TARGET_NAME)";
				SWIFT_VERSION = 4.0;
				TARGETED_DEVICE_FAMILY = 1;
			};
			name = Debug;
		};
		486854772142461F002981BA /* Release */ = {
			isa = XCBuildConfiguration;
			buildSettings = {
				ASSETCATALOG_COMPILER_APPICON_NAME = AppIcon;
				CODE_SIGN_STYLE = Automatic;
				INFOPLIST_FILE = "$(SRCROOT)/iOS-Swift-Demo/Recourse/Info.plist";
				IPHONEOS_DEPLOYMENT_TARGET = 9.0;
				LD_RUNPATH_SEARCH_PATHS = (
					"$(inherited)",
					"@executable_path/Frameworks",
				);
				PRODUCT_BUNDLE_IDENTIFIER = "wudan.iOS-Swift-Demo";
				PRODUCT_NAME = "$(TARGET_NAME)";
				SWIFT_VERSION = 4.0;
				TARGETED_DEVICE_FAMILY = 1;
			};
			name = Release;
		};
/* End XCBuildConfiguration section */

/* Begin XCConfigurationList section */
		4868545E2142461B002981BA /* Build configuration list for PBXProject "iOS-Swift-Demo" */ = {
			isa = XCConfigurationList;
			buildConfigurations = (
				486854732142461F002981BA /* Debug */,
				486854742142461F002981BA /* Release */,
			);
			defaultConfigurationIsVisible = 0;
			defaultConfigurationName = Release;
		};
		486854752142461F002981BA /* Build configuration list for PBXNativeTarget "iOS-Swift-Demo" */ = {
			isa = XCConfigurationList;
			buildConfigurations = (
				486854762142461F002981BA /* Debug */,
				486854772142461F002981BA /* Release */,
			);
			defaultConfigurationIsVisible = 0;
			defaultConfigurationName = Release;
		};
/* End XCConfigurationList section */
	};
	rootObject = 4868545B2142461B002981BA /* Project object */;
}
